
Microsoft Visual Studio Solution File, Format Version 12.00
# Visual Studio Version 17
VisualStudioVersion = 17.7.34018.315
MinimumVisualStudioVersion = 10.0.40219.1
Project("{8BC9CEB8-8B4A-11D0-8D11-00A0C91BC942}") = "CONCATENAR STRINGS", "CONCATENAR STRINGS.vcxproj", "{34CA29A8-C6B4-4770-87CE-DAD0BF10ADE2}"
EndProject
Global
	GlobalSection(SolutionConfigurationPlatforms) = preSolution
		Debug|x64 = Debug|x64
		Debug|x86 = Debug|x86
		Release|x64 = Release|x64
		Release|x86 = Release|x86
	EndGlobalSection
	GlobalSection(ProjectConfigurationPlatforms) = postSolution
		{34CA29A8-C6B4-4770-87CE-DAD0BF10ADE2}.Debug|x64.ActiveCfg = Debug|x64
		{34CA29A8-C6B4-4770-87CE-DAD0BF10ADE2}.Debug|x64.Build.0 = Debug|x64
		{34CA29A8-C6B4-4770-87CE-DAD0BF10ADE2}.Debug|x86.ActiveCfg = Debug|Win32
		{34CA29A8-C6B4-4770-87CE-DAD0BF10ADE2}.Debug|x86.Build.0 = Debug|Win32
		{34CA29A8-C6B4-4770-87CE-DAD0BF10ADE2}.Release|x64.ActiveCfg = Release|x64
		{34CA29A8-C6B4-4770-87CE-DAD0BF10ADE2}.Release|x64.Build.0 = Release|x64
		{34CA29A8-C6B4-4770-87CE-DAD0BF10ADE2}.Release|x86.ActiveCfg = Release|Win32
		{34CA29A8-C6B4-4770-87CE-DAD0BF10ADE2}.Release|x86.Build.0 = Release|Win32
	EndGlobalSection
	GlobalSection(SolutionProperties) = preSolution
		HideSolutionNode = FALSE
	EndGlobalSection
	GlobalSection(ExtensibilityGlobals) = postSolution
		SolutionGuid = {106FAB08-CC87-45F6-AA85-F6B994D9817D}
	EndGlobalSection
EndGlobal
